
Microsoft Visual Studio Solution File, Format Version 12.00
# Visual Studio Version 16
VisualStudioVersion = 16.0.29728.190
MinimumVisualStudioVersion = 10.0.40219.1
Project("{9A19103F-16F7-4668-BE54-9A1E7A4F7556}") = "LuaSettingsTester", "LuaSettingsTester\LuaSettingsTester.csproj", "{8EA99168-9B8E-4F15-823A-A1A974765C85}"
EndProject
Project("{9A19103F-16F7-4668-BE54-9A1E7A4F7556}") = "ExternalLibraryWithSettings", "ExternalLibraryWithSettings\ExternalLibraryWithSettings.csproj", "{33DFCB09-EFDD-4A66-9DB1-CAD0BCA9E684}"
EndProject
Project("{9A19103F-16F7-4668-BE54-9A1E7A4F7556}") = "LuaSettings", "LuaSettings\LuaSettings.csproj", "{BA60A5DD-41EA-46F0-A79E-5040D8499CDF}"
EndProject
Global
	GlobalSection(SolutionConfigurationPlatforms) = preSolution
		Debug|x64 = Debug|x64
		Release|x64 = Release|x64
	EndGlobalSection
	GlobalSection(ProjectConfigurationPlatforms) = postSolution
		{8EA99168-9B8E-4F15-823A-A1A974765C85}.Debug|x64.ActiveCfg = Debug|x64
		{8EA99168-9B8E-4F15-823A-A1A974765C85}.Debug|x64.Build.0 = Debug|x64
		{8EA99168-9B8E-4F15-823A-A1A974765C85}.Release|x64.ActiveCfg = Release|x64
		{8EA99168-9B8E-4F15-823A-A1A974765C85}.Release|x64.Build.0 = Release|x64
		{33DFCB09-EFDD-4A66-9DB1-CAD0BCA9E684}.Debug|x64.ActiveCfg = Debug|x64
		{33DFCB09-EFDD-4A66-9DB1-CAD0BCA9E684}.Debug|x64.Build.0 = Debug|x64
		{33DFCB09-EFDD-4A66-9DB1-CAD0BCA9E684}.Release|x64.ActiveCfg = Release|x64
		{33DFCB09-EFDD-4A66-9DB1-CAD0BCA9E684}.Release|x64.Build.0 = Release|x64
		{BA60A5DD-41EA-46F0-A79E-5040D8499CDF}.Debug|x64.ActiveCfg = Debug|x64
		{BA60A5DD-41EA-46F0-A79E-5040D8499CDF}.Debug|x64.Build.0 = Debug|x64
		{BA60A5DD-41EA-46F0-A79E-5040D8499CDF}.Release|x64.ActiveCfg = Release|x64
		{BA60A5DD-41EA-46F0-A79E-5040D8499CDF}.Release|x64.Build.0 = Release|x64
	EndGlobalSection
	GlobalSection(SolutionProperties) = preSolution
		HideSolutionNode = FALSE
	EndGlobalSection
	GlobalSection(ExtensibilityGlobals) = postSolution
		SolutionGuid = {EB1E38C2-2CFF-42C3-ABC5-9D1E39CDF205}
	EndGlobalSection
EndGlobal
